
Microsoft Visual Studio Solution File, Format Version 12.00
# Visual Studio Version 17
VisualStudioVersion = 17.4.33122.133
MinimumVisualStudioVersion = 10.0.40219.1
Project("{8BC9CEB8-8B4A-11D0-8D11-00A0C91BC942}") = "Core", "Core\Core.vcxproj", "{FFCCB5B8-A401-40D4-BC09-A95C681B66A7}"
EndProject
Project("{8BC9CEB8-8B4A-11D0-8D11-00A0C91BC942}") = "ConsoleSandbox", "ConsoleSandbox\ConsoleSandbox.vcxproj", "{A86C283F-3417-4465-8B87-F9503E3BA2FC}"
EndProject
Project("{8BC9CEB8-8B4A-11D0-8D11-00A0C91BC942}") = "UnitTest", "UnitTest\UnitTest.vcxproj", "{7AB0CD50-0DCA-4A24-87E9-DB69181B3789}"
EndProject
Project("{8BC9CEB8-8B4A-11D0-8D11-00A0C91BC942}") = "WindowApp", "WindowApp\WindowApp.vcxproj", "{A9D6EB69-A3E6-45A3-9F75-C7BE8F8AB771}"
EndProject
Project("{2150E333-8FDC-42A3-9474-1A3956D46DE8}") = "Solution Items", "Solution Items", "{F38257F3-281A-4D2E-9A0E-E073593DB6DF}"
	ProjectSection(SolutionItems) = preProject
		.gitignore = .gitignore
		vcpkg.json = vcpkg.json
	EndProjectSection
EndProject
Global
	GlobalSection(SolutionConfigurationPlatforms) = preSolution
		Debug|x64 = Debug|x64
		Release|x64 = Release|x64
	EndGlobalSection
	GlobalSection(ProjectConfigurationPlatforms) = postSolution
		{FFCCB5B8-A401-40D4-BC09-A95C681B66A7}.Debug|x64.ActiveCfg = Debug|x64
		{FFCCB5B8-A401-40D4-BC09-A95C681B66A7}.Debug|x64.Build.0 = Debug|x64
		{FFCCB5B8-A401-40D4-BC09-A95C681B66A7}.Release|x64.ActiveCfg = Release|x64
		{FFCCB5B8-A401-40D4-BC09-A95C681B66A7}.Release|x64.Build.0 = Release|x64
		{A86C283F-3417-4465-8B87-F9503E3BA2FC}.Debug|x64.ActiveCfg = Debug|x64
		{A86C283F-3417-4465-8B87-F9503E3BA2FC}.Debug|x64.Build.0 = Debug|x64
		{A86C283F-3417-4465-8B87-F9503E3BA2FC}.Release|x64.ActiveCfg = Release|x64
		{A86C283F-3417-4465-8B87-F9503E3BA2FC}.Release|x64.Build.0 = Release|x64
		{7AB0CD50-0DCA-4A24-87E9-DB69181B3789}.Debug|x64.ActiveCfg = Debug|x64
		{7AB0CD50-0DCA-4A24-87E9-DB69181B3789}.Debug|x64.Build.0 = Debug|x64
		{7AB0CD50-0DCA-4A24-87E9-DB69181B3789}.Release|x64.ActiveCfg = Release|x64
		{7AB0CD50-0DCA-4A24-87E9-DB69181B3789}.Release|x64.Build.0 = Release|x64
		{A9D6EB69-A3E6-45A3-9F75-C7BE8F8AB771}.Debug|x64.ActiveCfg = Debug|x64
		{A9D6EB69-A3E6-45A3-9F75-C7BE8F8AB771}.Debug|x64.Build.0 = Debug|x64
		{A9D6EB69-A3E6-45A3-9F75-C7BE8F8AB771}.Release|x64.ActiveCfg = Release|x64
		{A9D6EB69-A3E6-45A3-9F75-C7BE8F8AB771}.Release|x64.Build.0 = Release|x64
	EndGlobalSection
	GlobalSection(SolutionProperties) = preSolution
		HideSolutionNode = FALSE
	EndGlobalSection
	GlobalSection(ExtensibilityGlobals) = postSolution
		SolutionGuid = {CF7E76F4-BF4A-4CFB-A7EE-B058E5D5D2FA}
	EndGlobalSection
EndGlobal
